// !$*UTF8*$!
{
	archiveVersion = 1;
	classes = {
	};
	objectVersion = 55;
	objects = {

/* Begin PBXBuildFile section */
		AB20905727BBF90D00AC7C45 /* NewDriverApp.swift in Sources */ = {isa = PBXBuildFile; fileRef = AB20905627BBF90D00AC7C45 /* NewDriverApp.swift */; };
		AB20905927BBF90D00AC7C45 /* RidesList.swift in Sources */ = {isa = PBXBuildFile; fileRef = AB20905827BBF90D00AC7C45 /* RidesList.swift */; };
		AB20905B27BBF90F00AC7C45 /* Assets.xcassets in Resources */ = {isa = PBXBuildFile; fileRef = AB20905A27BBF90F00AC7C45 /* Assets.xcassets */; };
		AB20905E27BBF90F00AC7C45 /* Preview Assets.xcassets in Resources */ = {isa = PBXBuildFile; fileRef = AB20905D27BBF90F00AC7C45 /* Preview Assets.xcassets */; };
		AB61CF7627BBFD87006D1A8A /* CloudKit.framework in Frameworks */ = {isa = PBXBuildFile; fileRef = AB61CF7527BBFD87006D1A8A /* CloudKit.framework */; };
		AB61CF7827BBFFE2006D1A8A /* RideRow.swift in Sources */ = {isa = PBXBuildFile; fileRef = AB61CF7727BBFFE2006D1A8A /* RideRow.swift */; };
		AB61CF7A27BC0003006D1A8A /* RideDetails.swift in Sources */ = {isa = PBXBuildFile; fileRef = AB61CF7927BC0003006D1A8A /* RideDetails.swift */; };
		AB61CF7D27BC0493006D1A8A /* Ride.swift in Sources */ = {isa = PBXBuildFile; fileRef = AB61CF7C27BC0493006D1A8A /* Ride.swift */; };
		AB97416627BFA17D0010E1E7 /* GaugeProgressViewStyle in Frameworks */ = {isa = PBXBuildFile; productRef = AB97416527BFA17D0010E1E7 /* GaugeProgressViewStyle */; };
		AB97416927BFA2D30010E1E7 /* Progress.swift in Sources */ = {isa = PBXBuildFile; fileRef = AB97416827BFA2D30010E1E7 /* Progress.swift */; };
/* End PBXBuildFile section */

/* Begin PBXFileReference section */
		AB20905327BBF90D00AC7C45 /* NewDriver.app */ = {isa = PBXFileReference; explicitFileType = wrapper.application; includeInIndex = 0; path = NewDriver.app; sourceTree = BUILT_PRODUCTS_DIR; };
		AB20905627BBF90D00AC7C45 /* NewDriverApp.swift */ = {isa = PBXFileReference; lastKnownFileType = sourcecode.swift; path = NewDriverApp.swift; sourceTree = "<group>"; };
		AB20905827BBF90D00AC7C45 /* RidesList.swift */ = {isa = PBXFileReference; lastKnownFileType = sourcecode.swift; path = RidesList.swift; sourceTree = "<group>"; };
		AB20905A27BBF90F00AC7C45 /* Assets.xcassets */ = {isa = PBXFileReference; lastKnownFileType = folder.assetcatalog; path = Assets.xcassets; sourceTree = "<group>"; };
		AB20905D27BBF90F00AC7C45 /* Preview Assets.xcassets */ = {isa = PBXFileReference; lastKnownFileType = folder.assetcatalog; path = "Preview Assets.xcassets"; sourceTree = "<group>"; };
		AB20906427BBF9F600AC7C45 /* Info.plist */ = {isa = PBXFileReference; lastKnownFileType = text.plist; path = Info.plist; sourceTree = "<group>"; };
		AB20906627BBF9F600AC7C45 /* MapKit.framework */ = {isa = PBXFileReference; lastKnownFileType = wrapper.framework; name = MapKit.framework; path = System/Library/Frameworks/MapKit.framework; sourceTree = SDKROOT; };
		AB20906827BBFA5900AC7C45 /* NewDriver.entitlements */ = {isa = PBXFileReference; lastKnownFileType = text.plist.entitlements; path = NewDriver.entitlements; sourceTree = "<group>"; };
		AB61CF7527BBFD87006D1A8A /* CloudKit.framework */ = {isa = PBXFileReference; lastKnownFileType = wrapper.framework; name = CloudKit.framework; path = System/Library/Frameworks/CloudKit.framework; sourceTree = SDKROOT; };
		AB61CF7727BBFFE2006D1A8A /* RideRow.swift */ = {isa = PBXFileReference; lastKnownFileType = sourcecode.swift; path = RideRow.swift; sourceTree = "<group>"; };
		AB61CF7927BC0003006D1A8A /* RideDetails.swift */ = {isa = PBXFileReference; lastKnownFileType = sourcecode.swift; path = RideDetails.swift; sourceTree = "<group>"; };
		AB61CF7C27BC0493006D1A8A /* Ride.swift */ = {isa = PBXFileReference; lastKnownFileType = sourcecode.swift; path = Ride.swift; sourceTree = "<group>"; };
		AB97416827BFA2D30010E1E7 /* Progress.swift */ = {isa = PBXFileReference; lastKnownFileType = sourcecode.swift; path = Progress.swift; sourceTree = "<group>"; };
/* End PBXFileReference section */

/* Begin PBXFrameworksBuildPhase section */
		AB20905027BBF90D00AC7C45 /* Frameworks */ = {
			isa = PBXFrameworksBuildPhase;
			buildActionMask = 2147483647;
			files = (
				AB97416627BFA17D0010E1E7 /* GaugeProgressViewStyle in Frameworks */,
				AB61CF7627BBFD87006D1A8A /* CloudKit.framework in Frameworks */,
			);
			runOnlyForDeploymentPostprocessing = 0;
		};
/* End PBXFrameworksBuildPhase section */

/* Begin PBXGroup section */
		AB1E304727BCE83500E8D465 /* Views */ = {
			isa = PBXGroup;
			children = (
				AB20905827BBF90D00AC7C45 /* RidesList.swift */,
				AB61CF7927BC0003006D1A8A /* RideDetails.swift */,
				AB61CF7727BBFFE2006D1A8A /* RideRow.swift */,
			);
			path = Views;
			sourceTree = "<group>";
		};
		AB1E304827BCE85300E8D465 /* Resources */ = {
			isa = PBXGroup;
			children = (
			);
			path = Resources;
			sourceTree = "<group>";
		};
		AB20904A27BBF90D00AC7C45 = {
			isa = PBXGroup;
			children = (
				AB20905527BBF90D00AC7C45 /* NewDriver */,
				AB20905427BBF90D00AC7C45 /* Products */,
				AB20906527BBF9F600AC7C45 /* Frameworks */,
			);
			sourceTree = "<group>";
		};
		AB20905427BBF90D00AC7C45 /* Products */ = {
			isa = PBXGroup;
			children = (
				AB20905327BBF90D00AC7C45 /* NewDriver.app */,
			);
			name = Products;
			sourceTree = "<group>";
		};
		AB20905527BBF90D00AC7C45 /* NewDriver */ = {
			isa = PBXGroup;
			children = (
				AB97416727BFA2C30010E1E7 /* Components */,
				AB1E304827BCE85300E8D465 /* Resources */,
				AB1E304727BCE83500E8D465 /* Views */,
				AB61CF7B27BC0480006D1A8A /* Model */,
				AB20906827BBFA5900AC7C45 /* NewDriver.entitlements */,
				AB20906427BBF9F600AC7C45 /* Info.plist */,
				AB20905627BBF90D00AC7C45 /* NewDriverApp.swift */,
				AB20905A27BBF90F00AC7C45 /* Assets.xcassets */,
				AB20905C27BBF90F00AC7C45 /* Preview Content */,
			);
			path = NewDriver;
			sourceTree = "<group>";
		};
		AB20905C27BBF90F00AC7C45 /* Preview Content */ = {
			isa = PBXGroup;
			children = (
				AB20905D27BBF90F00AC7C45 /* Preview Assets.xcassets */,
			);
			path = "Preview Content";
			sourceTree = "<group>";
		};
		AB20906527BBF9F600AC7C45 /* Frameworks */ = {
			isa = PBXGroup;
			children = (
				AB61CF7527BBFD87006D1A8A /* CloudKit.framework */,
				AB20906627BBF9F600AC7C45 /* MapKit.framework */,
			);
			name = Frameworks;
			sourceTree = "<group>";
		};
		AB61CF7B27BC0480006D1A8A /* Model */ = {
			isa = PBXGroup;
			children = (
				AB61CF7C27BC0493006D1A8A /* Ride.swift */,
			);
			path = Model;
			sourceTree = "<group>";
		};
		AB97416727BFA2C30010E1E7 /* Components */ = {
			isa = PBXGroup;
			children = (
				AB97416827BFA2D30010E1E7 /* Progress.swift */,
			);
			path = Components;
			sourceTree = "<group>";
		};
/* End PBXGroup section */

/* Begin PBXNativeTarget section */
		AB20905227BBF90D00AC7C45 /* NewDriver */ = {
			isa = PBXNativeTarget;
			buildConfigurationList = AB20906127BBF90F00AC7C45 /* Build configuration list for PBXNativeTarget "NewDriver" */;
			buildPhases = (
				AB20904F27BBF90D00AC7C45 /* Sources */,
				AB20905027BBF90D00AC7C45 /* Frameworks */,
				AB20905127BBF90D00AC7C45 /* Resources */,
			);
			buildRules = (
			);
			dependencies = (
			);
			name = NewDriver;
			packageProductDependencies = (
				AB97416527BFA17D0010E1E7 /* GaugeProgressViewStyle */,
			);
			productName = NewDriver;
			productReference = AB20905327BBF90D00AC7C45 /* NewDriver.app */;
			productType = "com.apple.product-type.application";
		};
/* End PBXNativeTarget section */

/* Begin PBXProject section */
		AB20904B27BBF90D00AC7C45 /* Project object */ = {
			isa = PBXProject;
			attributes = {
				BuildIndependentTargetsInParallel = 1;
				LastSwiftUpdateCheck = 1320;
				LastUpgradeCheck = 1330;
				TargetAttributes = {
					AB20905227BBF90D00AC7C45 = {
						CreatedOnToolsVersion = 13.2.1;
					};
				};
			};
			buildConfigurationList = AB20904E27BBF90D00AC7C45 /* Build configuration list for PBXProject "NewDriver" */;
			compatibilityVersion = "Xcode 13.0";
			developmentRegion = en;
			hasScannedForEncodings = 0;
			knownRegions = (
				en,
				fr,
				Base,
			);
			mainGroup = AB20904A27BBF90D00AC7C45;
			packageReferences = (
				AB97416427BFA17D0010E1E7 /* XCRemoteSwiftPackageReference "GaugeView" */,
			);
			productRefGroup = AB20905427BBF90D00AC7C45 /* Products */;
			projectDirPath = "";
			projectRoot = "";
			targets = (
				AB20905227BBF90D00AC7C45 /* NewDriver */,
			);
		};
/* End PBXProject section */

/* Begin PBXResourcesBuildPhase section */
		AB20905127BBF90D00AC7C45 /* Resources */ = {
			isa = PBXResourcesBuildPhase;
			buildActionMask = 2147483647;
			files = (
				AB20905E27BBF90F00AC7C45 /* Preview Assets.xcassets in Resources */,
				AB20905B27BBF90F00AC7C45 /* Assets.xcassets in Resources */,
			);
			runOnlyForDeploymentPostprocessing = 0;
		};
/* End PBXResourcesBuildPhase section */

/* Begin PBXSourcesBuildPhase section */
		AB20904F27BBF90D00AC7C45 /* Sources */ = {
			isa = PBXSourcesBuildPhase;
			buildActionMask = 2147483647;
			files = (
				AB97416927BFA2D30010E1E7 /* Progress.swift in Sources */,
				AB20905927BBF90D00AC7C45 /* RidesList.swift in Sources */,
				AB61CF7A27BC0003006D1A8A /* RideDetails.swift in Sources */,
				AB61CF7827BBFFE2006D1A8A /* RideRow.swift in Sources */,
				AB61CF7D27BC0493006D1A8A /* Ride.swift in Sources */,
				AB20905727BBF90D00AC7C45 /* NewDriverApp.swift in Sources */,
			);
			runOnlyForDeploymentPostprocessing = 0;
		};
/* End PBXSourcesBuildPhase section */

/* Begin XCBuildConfiguration section */
		AB20905F27BBF90F00AC7C45 /* Debug */ = {
			isa = XCBuildConfiguration;
			buildSettings = {
				ALWAYS_SEARCH_USER_PATHS = NO;
				CLANG_ANALYZER_LOCALIZABILITY_NONLOCALIZED = YES;
				CLANG_ANALYZER_NONNULL = YES;
				CLANG_ANALYZER_NUMBER_OBJECT_CONVERSION = YES_AGGRESSIVE;
				CLANG_CXX_LANGUAGE_STANDARD = "gnu++17";
				CLANG_CXX_LIBRARY = "libc++";
				CLANG_ENABLE_MODULES = YES;
				CLANG_ENABLE_OBJC_ARC = YES;
				CLANG_ENABLE_OBJC_WEAK = YES;
				CLANG_WARN_BLOCK_CAPTURE_AUTORELEASING = YES;
				CLANG_WARN_BOOL_CONVERSION = YES;
				CLANG_WARN_COMMA = YES;
				CLANG_WARN_CONSTANT_CONVERSION = YES;
				CLANG_WARN_DEPRECATED_OBJC_IMPLEMENTATIONS = YES;
				CLANG_WARN_DIRECT_OBJC_ISA_USAGE = YES_ERROR;
				CLANG_WARN_DOCUMENTATION_COMMENTS = YES;
				CLANG_WARN_EMPTY_BODY = YES;
				CLANG_WARN_ENUM_CONVERSION = YES;
				CLANG_WARN_INFINITE_RECURSION = YES;
				CLANG_WARN_INT_CONVERSION = YES;
				CLANG_WARN_NON_LITERAL_NULL_CONVERSION = YES;
				CLANG_WARN_OBJC_IMPLICIT_RETAIN_SELF = YES;
				CLANG_WARN_OBJC_LITERAL_CONVERSION = YES;
				CLANG_WARN_OBJC_ROOT_CLASS = YES_ERROR;
				CLANG_WARN_QUOTED_INCLUDE_IN_FRAMEWORK_HEADER = YES;
				CLANG_WARN_RANGE_LOOP_ANALYSIS = YES;
				CLANG_WARN_STRICT_PROTOTYPES = YES;
				CLANG_WARN_SUSPICIOUS_MOVE = YES;
				CLANG_WARN_UNGUARDED_AVAILABILITY = YES_AGGRESSIVE;
				CLANG_WARN_UNREACHABLE_CODE = YES;
				CLANG_WARN__DUPLICATE_METHOD_MATCH = YES;
				COPY_PHASE_STRIP = NO;
				DEBUG_INFORMATION_FORMAT = dwarf;
				ENABLE_STRICT_OBJC_MSGSEND = YES;
				ENABLE_TESTABILITY = YES;
				GCC_C_LANGUAGE_STANDARD = gnu11;
				GCC_DYNAMIC_NO_PIC = NO;
				GCC_NO_COMMON_BLOCKS = YES;
				GCC_OPTIMIZATION_LEVEL = 0;
				GCC_PREPROCESSOR_DEFINITIONS = (
					"DEBUG=1",
					"$(inherited)",
				);
				GCC_WARN_64_TO_32_BIT_CONVERSION = YES;
				GCC_WARN_ABOUT_RETURN_TYPE = YES_ERROR;
				GCC_WARN_UNDECLARED_SELECTOR = YES;
				GCC_WARN_UNINITIALIZED_AUTOS = YES_AGGRESSIVE;
				GCC_WARN_UNUSED_FUNCTION = YES;
				GCC_WARN_UNUSED_VARIABLE = YES;
				IPHONEOS_DEPLOYMENT_TARGET = 15.2;
				MTL_ENABLE_DEBUG_INFO = INCLUDE_SOURCE;
				MTL_FAST_MATH = YES;
				ONLY_ACTIVE_ARCH = YES;
				SDKROOT = iphoneos;
				SWIFT_ACTIVE_COMPILATION_CONDITIONS = DEBUG;
				SWIFT_OPTIMIZATION_LEVEL = "-Onone";
			};
			name = Debug;
		};
		AB20906027BBF90F00AC7C45 /* Release */ = {
			isa = XCBuildConfiguration;
			buildSettings = {
				ALWAYS_SEARCH_USER_PATHS = NO;
				CLANG_ANALYZER_LOCALIZABILITY_NONLOCALIZED = YES;
				CLANG_ANALYZER_NONNULL = YES;
				CLANG_ANALYZER_NUMBER_OBJECT_CONVERSION = YES_AGGRESSIVE;
				CLANG_CXX_LANGUAGE_STANDARD = "gnu++17";
				CLANG_CXX_LIBRARY = "libc++";
				CLANG_ENABLE_MODULES = YES;
				CLANG_ENABLE_OBJC_ARC = YES;
				CLANG_ENABLE_OBJC_WEAK = YES;
				CLANG_WARN_BLOCK_CAPTURE_AUTORELEASING = YES;
				CLANG_WARN_BOOL_CONVERSION = YES;
				CLANG_WARN_COMMA = YES;
				CLANG_WARN_CONSTANT_CONVERSION = YES;
				CLANG_WARN_DEPRECATED_OBJC_IMPLEMENTATIONS = YES;
				CLANG_WARN_DIRECT_OBJC_ISA_USAGE = YES_ERROR;
				CLANG_WARN_DOCUMENTATION_COMMENTS = YES;
				CLANG_WARN_EMPTY_BODY = YES;
				CLANG_WARN_ENUM_CONVERSION = YES;
				CLANG_WARN_INFINITE_RECURSION = YES;
				CLANG_WARN_INT_CONVERSION = YES;
				CLANG_WARN_NON_LITERAL_NULL_CONVERSION = YES;
				CLANG_WARN_OBJC_IMPLICIT_RETAIN_SELF = YES;
				CLANG_WARN_OBJC_LITERAL_CONVERSION = YES;
				CLANG_WARN_OBJC_ROOT_CLASS = YES_ERROR;
				CLANG_WARN_QUOTED_INCLUDE_IN_FRAMEWORK_HEADER = YES;
				CLANG_WARN_RANGE_LOOP_ANALYSIS = YES;
				CLANG_WARN_STRICT_PROTOTYPES = YES;
				CLANG_WARN_SUSPICIOUS_MOVE = YES;
				CLANG_WARN_UNGUARDED_AVAILABILITY = YES_AGGRESSIVE;
				CLANG_WARN_UNREACHABLE_CODE = YES;
				CLANG_WARN__DUPLICATE_METHOD_MATCH = YES;
				COPY_PHASE_STRIP = NO;
				DEBUG_INFORMATION_FORMAT = "dwarf-with-dsym";
				ENABLE_NS_ASSERTIONS = NO;
				ENABLE_STRICT_OBJC_MSGSEND = YES;
				GCC_C_LANGUAGE_STANDARD = gnu11;
				GCC_NO_COMMON_BLOCKS = YES;
				GCC_WARN_64_TO_32_BIT_CONVERSION = YES;
				GCC_WARN_ABOUT_RETURN_TYPE = YES_ERROR;
				GCC_WARN_UNDECLARED_SELECTOR = YES;
				GCC_WARN_UNINITIALIZED_AUTOS = YES_AGGRESSIVE;
				GCC_WARN_UNUSED_FUNCTION = YES;
				GCC_WARN_UNUSED_VARIABLE = YES;
				IPHONEOS_DEPLOYMENT_TARGET = 15.2;
				MTL_ENABLE_DEBUG_INFO = NO;
				MTL_FAST_MATH = YES;
				SDKROOT = iphoneos;
				SWIFT_COMPILATION_MODE = wholemodule;
				SWIFT_OPTIMIZATION_LEVEL = "-O";
				VALIDATE_PRODUCT = YES;
			};
			name = Release;
		};
		AB20906227BBF90F00AC7C45 /* Debug */ = {
			isa = XCBuildConfiguration;
			buildSettings = {
				ASSETCATALOG_COMPILER_APPICON_NAME = AppIcon;
				ASSETCATALOG_COMPILER_GLOBAL_ACCENT_COLOR_NAME = AccentColor;
				CODE_SIGN_ENTITLEMENTS = NewDriver/NewDriver.entitlements;
				CODE_SIGN_IDENTITY = "Apple Development";
				CODE_SIGN_STYLE = Automatic;
				CURRENT_PROJECT_VERSION = 1;
				DEVELOPMENT_ASSET_PATHS = "\"NewDriver/Preview Content\"";
				DEVELOPMENT_TEAM = 37C4N5SWQ4;
				ENABLE_PREVIEWS = YES;
				GENERATE_INFOPLIST_FILE = YES;
				INFOPLIST_FILE = NewDriver/Info.plist;
				INFOPLIST_KEY_CFBundleDisplayName = NewDriver;
				INFOPLIST_KEY_UIApplicationSceneManifest_Generation = YES;
				INFOPLIST_KEY_UIApplicationSupportsIndirectInputEvents = YES;
				INFOPLIST_KEY_UILaunchScreen_Generation = YES;
				INFOPLIST_KEY_UISupportedInterfaceOrientations = UIInterfaceOrientationPortrait;
				INFOPLIST_KEY_UISupportedInterfaceOrientations_iPad = "UIInterfaceOrientationPortrait UIInterfaceOrientationPortraitUpsideDown UIInterfaceOrientationLandscapeLeft UIInterfaceOrientationLandscapeRight";
				INFOPLIST_KEY_UISupportedInterfaceOrientations_iPhone = "UIInterfaceOrientationPortrait UIInterfaceOrientationLandscapeLeft UIInterfaceOrientationLandscapeRight";
				LD_RUNPATH_SEARCH_PATHS = (
					"$(inherited)",
					"@executable_path/Frameworks",
				);
				MARKETING_VERSION = 1.0;
				PRODUCT_BUNDLE_IDENTIFIER = org.princelle.NewDriver;
				PRODUCT_NAME = "$(TARGET_NAME)";
				PROVISIONING_PROFILE_SPECIFIER = "";
				SWIFT_EMIT_LOC_STRINGS = YES;
				SWIFT_VERSION = 5.0;
				TARGETED_DEVICE_FAMILY = 1;
			};
			name = Debug;
		};
		AB20906327BBF90F00AC7C45 /* Release */ = {
			isa = XCBuildConfiguration;
			buildSettings = {
				ASSETCATALOG_COMPILER_APPICON_NAME = AppIcon;
				ASSETCATALOG_COMPILER_GLOBAL_ACCENT_COLOR_NAME = AccentColor;
				CODE_SIGN_ENTITLEMENTS = NewDriver/NewDriver.entitlements;
				CODE_SIGN_IDENTITY = "Apple Development";
				CODE_SIGN_STYLE = Automatic;
				CURRENT_PROJECT_VERSION = 1;
				DEVELOPMENT_ASSET_PATHS = "\"NewDriver/Preview Content\"";
				DEVELOPMENT_TEAM = 37C4N5SWQ4;
				ENABLE_PREVIEWS = YES;
				GENERATE_INFOPLIST_FILE = YES;
				INFOPLIST_FILE = NewDriver/Info.plist;
				INFOPLIST_KEY_CFBundleDisplayName = NewDriver;
				INFOPLIST_KEY_UIApplicationSceneManifest_Generation = YES;
				INFOPLIST_KEY_UIApplicationSupportsIndirectInputEvents = YES;
				INFOPLIST_KEY_UILaunchScreen_Generation = YES;
				INFOPLIST_KEY_UISupportedInterfaceOrientations = UIInterfaceOrientationPortrait;
				INFOPLIST_KEY_UISupportedInterfaceOrientations_iPad = "UIInterfaceOrientationPortrait UIInterfaceOrientationPortraitUpsideDown UIInterfaceOrientationLandscapeLeft UIInterfaceOrientationLandscapeRight";
				INFOPLIST_KEY_UISupportedInterfaceOrientations_iPhone = "UIInterfaceOrientationPortrait UIInterfaceOrientationLandscapeLeft UIInterfaceOrientationLandscapeRight";
				LD_RUNPATH_SEARCH_PATHS = (
					"$(inherited)",
					"@executable_path/Frameworks",
				);
				MARKETING_VERSION = 1.0;
				PRODUCT_BUNDLE_IDENTIFIER = org.princelle.NewDriver;
				PRODUCT_NAME = "$(TARGET_NAME)";
				PROVISIONING_PROFILE_SPECIFIER = "";
				SWIFT_EMIT_LOC_STRINGS = YES;
				SWIFT_VERSION = 5.0;
				TARGETED_DEVICE_FAMILY = 1;
			};
			name = Release;
		};
/* End XCBuildConfiguration section */

/* Begin XCConfigurationList section */
		AB20904E27BBF90D00AC7C45 /* Build configuration list for PBXProject "NewDriver" */ = {
			isa = XCConfigurationList;
			buildConfigurations = (
				AB20905F27BBF90F00AC7C45 /* Debug */,
				AB20906027BBF90F00AC7C45 /* Release */,
			);
			defaultConfigurationIsVisible = 0;
			defaultConfigurationName = Release;
		};
		AB20906127BBF90F00AC7C45 /* Build configuration list for PBXNativeTarget "NewDriver" */ = {
			isa = XCConfigurationList;
			buildConfigurations = (
				AB20906227BBF90F00AC7C45 /* Debug */,
				AB20906327BBF90F00AC7C45 /* Release */,
			);
			defaultConfigurationIsVisible = 0;
			defaultConfigurationName = Release;
		};
/* End XCConfigurationList section */

/* Begin XCRemoteSwiftPackageReference section */
		AB97416427BFA17D0010E1E7 /* XCRemoteSwiftPackageReference "GaugeView" */ = {
			isa = XCRemoteSwiftPackageReference;
			repositoryURL = "https://github.com/kkla320/GaugeView.git";
			requirement = {
				branch = main;
				kind = branch;
			};
		};
/* End XCRemoteSwiftPackageReference section */

/* Begin XCSwiftPackageProductDependency section */
		AB97416527BFA17D0010E1E7 /* GaugeProgressViewStyle */ = {
			isa = XCSwiftPackageProductDependency;
			package = AB97416427BFA17D0010E1E7 /* XCRemoteSwiftPackageReference "GaugeView" */;
			productName = GaugeProgressViewStyle;
		};
/* End XCSwiftPackageProductDependency section */
	};
	rootObject = AB20904B27BBF90D00AC7C45 /* Project object */;
}
